
Microsoft Visual Studio Solution File, Format Version 12.00
# Visual Studio Version 17
VisualStudioVersion = 17.0.31903.59
MinimumVisualStudioVersion = 10.0.40219.1
Project("{2150E333-8FDC-42A3-9474-1A3956D46DE8}") = "MonitoringSystem", "MonitoringSystem", "{3148A9BD-6ADA-4354-B508-9DB390DBA69F}"
EndProject
Project("{FAE04EC0-301F-11D3-BF4B-00C04F79EFBC}") = "LoggingSystem", "MonitoringSystem\LoggingSystem\LoggingSystem.csproj", "{480F09C3-7945-41BE-8177-FC32E97A571C}"
EndProject
Project("{FAE04EC0-301F-11D3-BF4B-00C04F79EFBC}") = "TracingSystem", "MonitoringSystem\TracingSystem\TracingSystem.csproj", "{BAF37728-BA28-4567-B071-6399316D9E30}"
EndProject
Global
	GlobalSection(SolutionConfigurationPlatforms) = preSolution
		Debug|Any CPU = Debug|Any CPU
		Release|Any CPU = Release|Any CPU
	EndGlobalSection
	GlobalSection(SolutionProperties) = preSolution
		HideSolutionNode = FALSE
	EndGlobalSection
	GlobalSection(ProjectConfigurationPlatforms) = postSolution
		{480F09C3-7945-41BE-8177-FC32E97A571C}.Debug|Any CPU.ActiveCfg = Debug|Any CPU
		{480F09C3-7945-41BE-8177-FC32E97A571C}.Debug|Any CPU.Build.0 = Debug|Any CPU
		{480F09C3-7945-41BE-8177-FC32E97A571C}.Release|Any CPU.ActiveCfg = Release|Any CPU
		{480F09C3-7945-41BE-8177-FC32E97A571C}.Release|Any CPU.Build.0 = Release|Any CPU
		{BAF37728-BA28-4567-B071-6399316D9E30}.Debug|Any CPU.ActiveCfg = Debug|Any CPU
		{BAF37728-BA28-4567-B071-6399316D9E30}.Debug|Any CPU.Build.0 = Debug|Any CPU
		{BAF37728-BA28-4567-B071-6399316D9E30}.Release|Any CPU.ActiveCfg = Release|Any CPU
		{BAF37728-BA28-4567-B071-6399316D9E30}.Release|Any CPU.Build.0 = Release|Any CPU
	EndGlobalSection
	GlobalSection(NestedProjects) = preSolution
		{480F09C3-7945-41BE-8177-FC32E97A571C} = {3148A9BD-6ADA-4354-B508-9DB390DBA69F}
		{BAF37728-BA28-4567-B071-6399316D9E30} = {3148A9BD-6ADA-4354-B508-9DB390DBA69F}
	EndGlobalSection
EndGlobal
