
Microsoft Visual Studio Solution File, Format Version 12.00
# Visual Studio Version 17
VisualStudioVersion = 17.0.31903.59
MinimumVisualStudioVersion = 10.0.40219.1
Project("{2150E333-8FDC-42A3-9474-1A3956D46DE8}") = "Lib", "Lib", "{8E14DE5A-D18D-4D37-BF19-42FD48835534}"
EndProject
Project("{FAE04EC0-301F-11D3-BF4B-00C04F79EFBC}") = "MsgC", "Lib\MsgC\MsgC.csproj", "{B320909B-96AE-4722-BA01-ED6A63CF0802}"
EndProject
Project("{2150E333-8FDC-42A3-9474-1A3956D46DE8}") = "MessageSystem", "MessageSystem", "{A89F5E22-FE21-492D-AFBA-BEA59251ADF6}"
EndProject
Project("{FAE04EC0-301F-11D3-BF4B-00C04F79EFBC}") = "MessageServer", "MessageSystem\MessageServer\MessageServer.csproj", "{D605D037-8D6E-44BC-9406-699D4FB271AE}"
EndProject
Project("{2150E333-8FDC-42A3-9474-1A3956D46DE8}") = "TracingSystem", "TracingSystem", "{A412B23A-A947-48B6-9D64-299C185B6CD4}"
EndProject
Project("{FAE04EC0-301F-11D3-BF4B-00C04F79EFBC}") = "TraceSystem", "TracingSystem\TraceSystem\TraceSystem.csproj", "{839E3F9F-CCF3-4B52-BCAA-FCD2D33C34A9}"
EndProject
Project("{2150E333-8FDC-42A3-9474-1A3956D46DE8}") = "MonitoringSystem", "MonitoringSystem", "{8D4221E6-0010-4554-A4DF-7DCEC6E88968}"
EndProject
Project("{FAE04EC0-301F-11D3-BF4B-00C04F79EFBC}") = "MonitoringAPI", "MonitoringSystem\MonitoringAPI\MonitoringAPI.csproj", "{177A30F9-E34D-4860-95A4-77B14E1A17AA}"
EndProject
Global
	GlobalSection(SolutionConfigurationPlatforms) = preSolution
		Debug|Any CPU = Debug|Any CPU
		Release|Any CPU = Release|Any CPU
	EndGlobalSection
	GlobalSection(SolutionProperties) = preSolution
		HideSolutionNode = FALSE
	EndGlobalSection
	GlobalSection(ProjectConfigurationPlatforms) = postSolution
		{B320909B-96AE-4722-BA01-ED6A63CF0802}.Debug|Any CPU.ActiveCfg = Debug|Any CPU
		{B320909B-96AE-4722-BA01-ED6A63CF0802}.Debug|Any CPU.Build.0 = Debug|Any CPU
		{B320909B-96AE-4722-BA01-ED6A63CF0802}.Release|Any CPU.ActiveCfg = Release|Any CPU
		{B320909B-96AE-4722-BA01-ED6A63CF0802}.Release|Any CPU.Build.0 = Release|Any CPU
		{D605D037-8D6E-44BC-9406-699D4FB271AE}.Debug|Any CPU.ActiveCfg = Debug|Any CPU
		{D605D037-8D6E-44BC-9406-699D4FB271AE}.Debug|Any CPU.Build.0 = Debug|Any CPU
		{D605D037-8D6E-44BC-9406-699D4FB271AE}.Release|Any CPU.ActiveCfg = Release|Any CPU
		{D605D037-8D6E-44BC-9406-699D4FB271AE}.Release|Any CPU.Build.0 = Release|Any CPU
		{839E3F9F-CCF3-4B52-BCAA-FCD2D33C34A9}.Debug|Any CPU.ActiveCfg = Debug|Any CPU
		{839E3F9F-CCF3-4B52-BCAA-FCD2D33C34A9}.Debug|Any CPU.Build.0 = Debug|Any CPU
		{839E3F9F-CCF3-4B52-BCAA-FCD2D33C34A9}.Release|Any CPU.ActiveCfg = Release|Any CPU
		{839E3F9F-CCF3-4B52-BCAA-FCD2D33C34A9}.Release|Any CPU.Build.0 = Release|Any CPU
		{177A30F9-E34D-4860-95A4-77B14E1A17AA}.Debug|Any CPU.ActiveCfg = Debug|Any CPU
		{177A30F9-E34D-4860-95A4-77B14E1A17AA}.Debug|Any CPU.Build.0 = Debug|Any CPU
		{177A30F9-E34D-4860-95A4-77B14E1A17AA}.Release|Any CPU.ActiveCfg = Release|Any CPU
		{177A30F9-E34D-4860-95A4-77B14E1A17AA}.Release|Any CPU.Build.0 = Release|Any CPU
	EndGlobalSection
	GlobalSection(NestedProjects) = preSolution
		{B320909B-96AE-4722-BA01-ED6A63CF0802} = {8E14DE5A-D18D-4D37-BF19-42FD48835534}
		{D605D037-8D6E-44BC-9406-699D4FB271AE} = {A89F5E22-FE21-492D-AFBA-BEA59251ADF6}
		{839E3F9F-CCF3-4B52-BCAA-FCD2D33C34A9} = {A412B23A-A947-48B6-9D64-299C185B6CD4}
		{177A30F9-E34D-4860-95A4-77B14E1A17AA} = {8D4221E6-0010-4554-A4DF-7DCEC6E88968}
	EndGlobalSection
EndGlobal
